
Microsoft Visual Studio Solution File, Format Version 12.00
# Visual Studio Version 17
VisualStudioVersion = 17.2.32616.157
MinimumVisualStudioVersion = 10.0.40219.1
Project("{9A19103F-16F7-4668-BE54-9A1E7A4F7556}") = "Talamus V2.Net6", "Talamus V2.Net6\Talamus V2.Net6.csproj", "{ADFB05CD-5519-4035-B53E-6103A63466E6}"
EndProject
Global
	GlobalSection(SolutionConfigurationPlatforms) = preSolution
		Debug|Any CPU = Debug|Any CPU
		Release|Any CPU = Release|Any CPU
	EndGlobalSection
	GlobalSection(ProjectConfigurationPlatforms) = postSolution
		{ADFB05CD-5519-4035-B53E-6103A63466E6}.Debug|Any CPU.ActiveCfg = Debug|Any CPU
		{ADFB05CD-5519-4035-B53E-6103A63466E6}.Debug|Any CPU.Build.0 = Debug|Any CPU
		{ADFB05CD-5519-4035-B53E-6103A63466E6}.Release|Any CPU.ActiveCfg = Release|Any CPU
		{ADFB05CD-5519-4035-B53E-6103A63466E6}.Release|Any CPU.Build.0 = Release|Any CPU
	EndGlobalSection
	GlobalSection(SolutionProperties) = preSolution
		HideSolutionNode = FALSE
	EndGlobalSection
	GlobalSection(ExtensibilityGlobals) = postSolution
		SolutionGuid = {6E4795C3-45B3-4963-AEA5-7FCC5FD2C34C}
	EndGlobalSection
EndGlobal
